// !$*UTF8*$!
{
	archiveVersion = 1;
	classes = {
	};
	objectVersion = 56;
	objects = {

/* Begin PBXBuildFile section */
		2E46E9CB2A1203D100B8205C /* testTasksApp.swift in Sources */ = {isa = PBXBuildFile; fileRef = 2E46E9CA2A1203D100B8205C /* testTasksApp.swift */; };
		2E46E9CD2A1203D100B8205C /* ContentView.swift in Sources */ = {isa = PBXBuildFile; fileRef = 2E46E9CC2A1203D100B8205C /* ContentView.swift */; };
		2E46E9CF2A1203D300B8205C /* Assets.xcassets in Resources */ = {isa = PBXBuildFile; fileRef = 2E46E9CE2A1203D300B8205C /* Assets.xcassets */; };
		2E46E9D22A1203D300B8205C /* Preview Assets.xcassets in Resources */ = {isa = PBXBuildFile; fileRef = 2E46E9D12A1203D300B8205C /* Preview Assets.xcassets */; };
		2E46E9D42A1203D300B8205C /* TaskPersistence.swift in Sources */ = {isa = PBXBuildFile; fileRef = 2E46E9D32A1203D300B8205C /* TaskPersistence.swift */; };
		2E46E9D72A1203D300B8205C /* testTasks.xcdatamodeld in Sources */ = {isa = PBXBuildFile; fileRef = 2E46E9D52A1203D300B8205C /* testTasks.xcdatamodeld */; };
		2E46E9E12A1203D300B8205C /* testTasksTests.swift in Sources */ = {isa = PBXBuildFile; fileRef = 2E46E9E02A1203D300B8205C /* testTasksTests.swift */; };
		2E46E9EB2A1203D300B8205C /* testTasksUITests.swift in Sources */ = {isa = PBXBuildFile; fileRef = 2E46E9EA2A1203D300B8205C /* testTasksUITests.swift */; };
		2E46E9ED2A1203D300B8205C /* testTasksUITestsLaunchTests.swift in Sources */ = {isa = PBXBuildFile; fileRef = 2E46E9EC2A1203D300B8205C /* testTasksUITestsLaunchTests.swift */; };
		2E46E9FF2A120F0100B8205C /* MainViewModifier.swift in Sources */ = {isa = PBXBuildFile; fileRef = 2E46E9FE2A120F0100B8205C /* MainViewModifier.swift */; };
		2E46EA012A12131300B8205C /* TaskListView.swift in Sources */ = {isa = PBXBuildFile; fileRef = 2E46EA002A12131300B8205C /* TaskListView.swift */; };
		2E46EA032A1214DD00B8205C /* StatusView.swift in Sources */ = {isa = PBXBuildFile; fileRef = 2E46EA022A1214DD00B8205C /* StatusView.swift */; };
		2E46EA052A121CA400B8205C /* TaskView.swift in Sources */ = {isa = PBXBuildFile; fileRef = 2E46EA042A121CA400B8205C /* TaskView.swift */; };
		2E46EA092A1222AF00B8205C /* TaskViewModel.swift in Sources */ = {isa = PBXBuildFile; fileRef = 2E46EA082A1222AF00B8205C /* TaskViewModel.swift */; };
		2E46EA0B2A12256F00B8205C /* AddTaskView.swift in Sources */ = {isa = PBXBuildFile; fileRef = 2E46EA0A2A12256F00B8205C /* AddTaskView.swift */; };
		2E46EA0D2A12333E00B8205C /* DetailTaskView.swift in Sources */ = {isa = PBXBuildFile; fileRef = 2E46EA0C2A12333E00B8205C /* DetailTaskView.swift */; };
/* End PBXBuildFile section */

/* Begin PBXContainerItemProxy section */
		2E46E9DD2A1203D300B8205C /* PBXContainerItemProxy */ = {
			isa = PBXContainerItemProxy;
			containerPortal = 2E46E9BF2A1203D100B8205C /* Project object */;
			proxyType = 1;
			remoteGlobalIDString = 2E46E9C62A1203D100B8205C;
			remoteInfo = testTasks;
		};
		2E46E9E72A1203D300B8205C /* PBXContainerItemProxy */ = {
			isa = PBXContainerItemProxy;
			containerPortal = 2E46E9BF2A1203D100B8205C /* Project object */;
			proxyType = 1;
			remoteGlobalIDString = 2E46E9C62A1203D100B8205C;
			remoteInfo = testTasks;
		};
/* End PBXContainerItemProxy section */

/* Begin PBXFileReference section */
		2E46E9C72A1203D100B8205C /* testTasks.app */ = {isa = PBXFileReference; explicitFileType = wrapper.application; includeInIndex = 0; path = testTasks.app; sourceTree = BUILT_PRODUCTS_DIR; };
		2E46E9CA2A1203D100B8205C /* testTasksApp.swift */ = {isa = PBXFileReference; lastKnownFileType = sourcecode.swift; path = testTasksApp.swift; sourceTree = "<group>"; };
		2E46E9CC2A1203D100B8205C /* ContentView.swift */ = {isa = PBXFileReference; lastKnownFileType = sourcecode.swift; path = ContentView.swift; sourceTree = "<group>"; };
		2E46E9CE2A1203D300B8205C /* Assets.xcassets */ = {isa = PBXFileReference; lastKnownFileType = folder.assetcatalog; path = Assets.xcassets; sourceTree = "<group>"; };
		2E46E9D12A1203D300B8205C /* Preview Assets.xcassets */ = {isa = PBXFileReference; lastKnownFileType = folder.assetcatalog; path = "Preview Assets.xcassets"; sourceTree = "<group>"; };
		2E46E9D32A1203D300B8205C /* TaskPersistence.swift */ = {isa = PBXFileReference; lastKnownFileType = sourcecode.swift; path = TaskPersistence.swift; sourceTree = "<group>"; };
		2E46E9D62A1203D300B8205C /* testTasks.xcdatamodel */ = {isa = PBXFileReference; lastKnownFileType = wrapper.xcdatamodel; path = testTasks.xcdatamodel; sourceTree = "<group>"; };
		2E46E9DC2A1203D300B8205C /* testTasksTests.xctest */ = {isa = PBXFileReference; explicitFileType = wrapper.cfbundle; includeInIndex = 0; path = testTasksTests.xctest; sourceTree = BUILT_PRODUCTS_DIR; };
		2E46E9E02A1203D300B8205C /* testTasksTests.swift */ = {isa = PBXFileReference; lastKnownFileType = sourcecode.swift; path = testTasksTests.swift; sourceTree = "<group>"; };
		2E46E9E62A1203D300B8205C /* testTasksUITests.xctest */ = {isa = PBXFileReference; explicitFileType = wrapper.cfbundle; includeInIndex = 0; path = testTasksUITests.xctest; sourceTree = BUILT_PRODUCTS_DIR; };
		2E46E9EA2A1203D300B8205C /* testTasksUITests.swift */ = {isa = PBXFileReference; lastKnownFileType = sourcecode.swift; path = testTasksUITests.swift; sourceTree = "<group>"; };
		2E46E9EC2A1203D300B8205C /* testTasksUITestsLaunchTests.swift */ = {isa = PBXFileReference; lastKnownFileType = sourcecode.swift; path = testTasksUITestsLaunchTests.swift; sourceTree = "<group>"; };
		2E46E9FE2A120F0100B8205C /* MainViewModifier.swift */ = {isa = PBXFileReference; lastKnownFileType = sourcecode.swift; path = MainViewModifier.swift; sourceTree = "<group>"; };
		2E46EA002A12131300B8205C /* TaskListView.swift */ = {isa = PBXFileReference; lastKnownFileType = sourcecode.swift; path = TaskListView.swift; sourceTree = "<group>"; };
		2E46EA022A1214DD00B8205C /* StatusView.swift */ = {isa = PBXFileReference; lastKnownFileType = sourcecode.swift; path = StatusView.swift; sourceTree = "<group>"; };
		2E46EA042A121CA400B8205C /* TaskView.swift */ = {isa = PBXFileReference; lastKnownFileType = sourcecode.swift; path = TaskView.swift; sourceTree = "<group>"; };
		2E46EA082A1222AF00B8205C /* TaskViewModel.swift */ = {isa = PBXFileReference; lastKnownFileType = sourcecode.swift; path = TaskViewModel.swift; sourceTree = "<group>"; };
		2E46EA0A2A12256F00B8205C /* AddTaskView.swift */ = {isa = PBXFileReference; lastKnownFileType = sourcecode.swift; path = AddTaskView.swift; sourceTree = "<group>"; };
		2E46EA0C2A12333E00B8205C /* DetailTaskView.swift */ = {isa = PBXFileReference; lastKnownFileType = sourcecode.swift; path = DetailTaskView.swift; sourceTree = "<group>"; };
/* End PBXFileReference section */

/* Begin PBXFrameworksBuildPhase section */
		2E46E9C42A1203D100B8205C /* Frameworks */ = {
			isa = PBXFrameworksBuildPhase;
			buildActionMask = 2147483647;
			files = (
			);
			runOnlyForDeploymentPostprocessing = 0;
		};
		2E46E9D92A1203D300B8205C /* Frameworks */ = {
			isa = PBXFrameworksBuildPhase;
			buildActionMask = 2147483647;
			files = (
			);
			runOnlyForDeploymentPostprocessing = 0;
		};
		2E46E9E32A1203D300B8205C /* Frameworks */ = {
			isa = PBXFrameworksBuildPhase;
			buildActionMask = 2147483647;
			files = (
			);
			runOnlyForDeploymentPostprocessing = 0;
		};
/* End PBXFrameworksBuildPhase section */

/* Begin PBXGroup section */
		2E46E9BE2A1203D100B8205C = {
			isa = PBXGroup;
			children = (
				2E46E9C92A1203D100B8205C /* testTasks */,
				2E46E9DF2A1203D300B8205C /* testTasksTests */,
				2E46E9E92A1203D300B8205C /* testTasksUITests */,
				2E46E9C82A1203D100B8205C /* Products */,
			);
			sourceTree = "<group>";
		};
		2E46E9C82A1203D100B8205C /* Products */ = {
			isa = PBXGroup;
			children = (
				2E46E9C72A1203D100B8205C /* testTasks.app */,
				2E46E9DC2A1203D300B8205C /* testTasksTests.xctest */,
				2E46E9E62A1203D300B8205C /* testTasksUITests.xctest */,
			);
			name = Products;
			sourceTree = "<group>";
		};
		2E46E9C92A1203D100B8205C /* testTasks */ = {
			isa = PBXGroup;
			children = (
				2E46E9FD2A120EEC00B8205C /* Extensions */,
				2E46E9FC2A120EE300B8205C /* Modifiers */,
				2E46E9FB2A120E9800B8205C /* ViewModels */,
				2E46E9F92A120E6200B8205C /* Models */,
				2E46E9CA2A1203D100B8205C /* testTasksApp.swift */,
				2E46E9FA2A120E6E00B8205C /* Views */,
				2E46E9CE2A1203D300B8205C /* Assets.xcassets */,
				2E46E9D52A1203D300B8205C /* testTasks.xcdatamodeld */,
				2E46E9D02A1203D300B8205C /* Preview Content */,
			);
			path = testTasks;
			sourceTree = "<group>";
		};
		2E46E9D02A1203D300B8205C /* Preview Content */ = {
			isa = PBXGroup;
			children = (
				2E46E9D12A1203D300B8205C /* Preview Assets.xcassets */,
			);
			path = "Preview Content";
			sourceTree = "<group>";
		};
		2E46E9DF2A1203D300B8205C /* testTasksTests */ = {
			isa = PBXGroup;
			children = (
				2E46E9E02A1203D300B8205C /* testTasksTests.swift */,
			);
			path = testTasksTests;
			sourceTree = "<group>";
		};
		2E46E9E92A1203D300B8205C /* testTasksUITests */ = {
			isa = PBXGroup;
			children = (
				2E46E9EA2A1203D300B8205C /* testTasksUITests.swift */,
				2E46E9EC2A1203D300B8205C /* testTasksUITestsLaunchTests.swift */,
			);
			path = testTasksUITests;
			sourceTree = "<group>";
		};
		2E46E9F92A120E6200B8205C /* Models */ = {
			isa = PBXGroup;
			children = (
			);
			path = Models;
			sourceTree = "<group>";
		};
		2E46E9FA2A120E6E00B8205C /* Views */ = {
			isa = PBXGroup;
			children = (
				2E46E9CC2A1203D100B8205C /* ContentView.swift */,
				2E46EA002A12131300B8205C /* TaskListView.swift */,
				2E46EA022A1214DD00B8205C /* StatusView.swift */,
				2E46EA042A121CA400B8205C /* TaskView.swift */,
				2E46EA0A2A12256F00B8205C /* AddTaskView.swift */,
				2E46EA0C2A12333E00B8205C /* DetailTaskView.swift */,
			);
			path = Views;
			sourceTree = "<group>";
		};
		2E46E9FB2A120E9800B8205C /* ViewModels */ = {
			isa = PBXGroup;
			children = (
				2E46E9D32A1203D300B8205C /* TaskPersistence.swift */,
				2E46EA082A1222AF00B8205C /* TaskViewModel.swift */,
			);
			path = ViewModels;
			sourceTree = "<group>";
		};
		2E46E9FC2A120EE300B8205C /* Modifiers */ = {
			isa = PBXGroup;
			children = (
				2E46E9FE2A120F0100B8205C /* MainViewModifier.swift */,
			);
			path = Modifiers;
			sourceTree = "<group>";
		};
		2E46E9FD2A120EEC00B8205C /* Extensions */ = {
			isa = PBXGroup;
			children = (
			);
			path = Extensions;
			sourceTree = "<group>";
		};
/* End PBXGroup section */

/* Begin PBXNativeTarget section */
		2E46E9C62A1203D100B8205C /* testTasks */ = {
			isa = PBXNativeTarget;
			buildConfigurationList = 2E46E9F02A1203D300B8205C /* Build configuration list for PBXNativeTarget "testTasks" */;
			buildPhases = (
				2E46E9C32A1203D100B8205C /* Sources */,
				2E46E9C42A1203D100B8205C /* Frameworks */,
				2E46E9C52A1203D100B8205C /* Resources */,
			);
			buildRules = (
			);
			dependencies = (
			);
			name = testTasks;
			productName = testTasks;
			productReference = 2E46E9C72A1203D100B8205C /* testTasks.app */;
			productType = "com.apple.product-type.application";
		};
		2E46E9DB2A1203D300B8205C /* testTasksTests */ = {
			isa = PBXNativeTarget;
			buildConfigurationList = 2E46E9F32A1203D300B8205C /* Build configuration list for PBXNativeTarget "testTasksTests" */;
			buildPhases = (
				2E46E9D82A1203D300B8205C /* Sources */,
				2E46E9D92A1203D300B8205C /* Frameworks */,
				2E46E9DA2A1203D300B8205C /* Resources */,
			);
			buildRules = (
			);
			dependencies = (
				2E46E9DE2A1203D300B8205C /* PBXTargetDependency */,
			);
			name = testTasksTests;
			productName = testTasksTests;
			productReference = 2E46E9DC2A1203D300B8205C /* testTasksTests.xctest */;
			productType = "com.apple.product-type.bundle.unit-test";
		};
		2E46E9E52A1203D300B8205C /* testTasksUITests */ = {
			isa = PBXNativeTarget;
			buildConfigurationList = 2E46E9F62A1203D300B8205C /* Build configuration list for PBXNativeTarget "testTasksUITests" */;
			buildPhases = (
				2E46E9E22A1203D300B8205C /* Sources */,
				2E46E9E32A1203D300B8205C /* Frameworks */,
				2E46E9E42A1203D300B8205C /* Resources */,
			);
			buildRules = (
			);
			dependencies = (
				2E46E9E82A1203D300B8205C /* PBXTargetDependency */,
			);
			name = testTasksUITests;
			productName = testTasksUITests;
			productReference = 2E46E9E62A1203D300B8205C /* testTasksUITests.xctest */;
			productType = "com.apple.product-type.bundle.ui-testing";
		};
/* End PBXNativeTarget section */

/* Begin PBXProject section */
		2E46E9BF2A1203D100B8205C /* Project object */ = {
			isa = PBXProject;
			attributes = {
				BuildIndependentTargetsInParallel = 1;
				LastSwiftUpdateCheck = 1420;
				LastUpgradeCheck = 1420;
				TargetAttributes = {
					2E46E9C62A1203D100B8205C = {
						CreatedOnToolsVersion = 14.2;
					};
					2E46E9DB2A1203D300B8205C = {
						CreatedOnToolsVersion = 14.2;
						TestTargetID = 2E46E9C62A1203D100B8205C;
					};
					2E46E9E52A1203D300B8205C = {
						CreatedOnToolsVersion = 14.2;
						TestTargetID = 2E46E9C62A1203D100B8205C;
					};
				};
			};
			buildConfigurationList = 2E46E9C22A1203D100B8205C /* Build configuration list for PBXProject "testTasks" */;
			compatibilityVersion = "Xcode 14.0";
			developmentRegion = en;
			hasScannedForEncodings = 0;
			knownRegions = (
				en,
				Base,
			);
			mainGroup = 2E46E9BE2A1203D100B8205C;
			productRefGroup = 2E46E9C82A1203D100B8205C /* Products */;
			projectDirPath = "";
			projectRoot = "";
			targets = (
				2E46E9C62A1203D100B8205C /* testTasks */,
				2E46E9DB2A1203D300B8205C /* testTasksTests */,
				2E46E9E52A1203D300B8205C /* testTasksUITests */,
			);
		};
/* End PBXProject section */

/* Begin PBXResourcesBuildPhase section */
		2E46E9C52A1203D100B8205C /* Resources */ = {
			isa = PBXResourcesBuildPhase;
			buildActionMask = 2147483647;
			files = (
				2E46E9D22A1203D300B8205C /* Preview Assets.xcassets in Resources */,
				2E46E9CF2A1203D300B8205C /* Assets.xcassets in Resources */,
			);
			runOnlyForDeploymentPostprocessing = 0;
		};
		2E46E9DA2A1203D300B8205C /* Resources */ = {
			isa = PBXResourcesBuildPhase;
			buildActionMask = 2147483647;
			files = (
			);
			runOnlyForDeploymentPostprocessing = 0;
		};
		2E46E9E42A1203D300B8205C /* Resources */ = {
			isa = PBXResourcesBuildPhase;
			buildActionMask = 2147483647;
			files = (
			);
			runOnlyForDeploymentPostprocessing = 0;
		};
/* End PBXResourcesBuildPhase section */

/* Begin PBXSourcesBuildPhase section */
		2E46E9C32A1203D100B8205C /* Sources */ = {
			isa = PBXSourcesBuildPhase;
			buildActionMask = 2147483647;
			files = (
				2E46E9D72A1203D300B8205C /* testTasks.xcdatamodeld in Sources */,
				2E46EA0B2A12256F00B8205C /* AddTaskView.swift in Sources */,
				2E46E9FF2A120F0100B8205C /* MainViewModifier.swift in Sources */,
				2E46E9D42A1203D300B8205C /* TaskPersistence.swift in Sources */,
				2E46E9CD2A1203D100B8205C /* ContentView.swift in Sources */,
				2E46EA0D2A12333E00B8205C /* DetailTaskView.swift in Sources */,
				2E46EA032A1214DD00B8205C /* StatusView.swift in Sources */,
				2E46E9CB2A1203D100B8205C /* testTasksApp.swift in Sources */,
				2E46EA012A12131300B8205C /* TaskListView.swift in Sources */,
				2E46EA092A1222AF00B8205C /* TaskViewModel.swift in Sources */,
				2E46EA052A121CA400B8205C /* TaskView.swift in Sources */,
			);
			runOnlyForDeploymentPostprocessing = 0;
		};
		2E46E9D82A1203D300B8205C /* Sources */ = {
			isa = PBXSourcesBuildPhase;
			buildActionMask = 2147483647;
			files = (
				2E46E9E12A1203D300B8205C /* testTasksTests.swift in Sources */,
			);
			runOnlyForDeploymentPostprocessing = 0;
		};
		2E46E9E22A1203D300B8205C /* Sources */ = {
			isa = PBXSourcesBuildPhase;
			buildActionMask = 2147483647;
			files = (
				2E46E9EB2A1203D300B8205C /* testTasksUITests.swift in Sources */,
				2E46E9ED2A1203D300B8205C /* testTasksUITestsLaunchTests.swift in Sources */,
			);
			runOnlyForDeploymentPostprocessing = 0;
		};
/* End PBXSourcesBuildPhase section */

/* Begin PBXTargetDependency section */
		2E46E9DE2A1203D300B8205C /* PBXTargetDependency */ = {
			isa = PBXTargetDependency;
			target = 2E46E9C62A1203D100B8205C /* testTasks */;
			targetProxy = 2E46E9DD2A1203D300B8205C /* PBXContainerItemProxy */;
		};
		2E46E9E82A1203D300B8205C /* PBXTargetDependency */ = {
			isa = PBXTargetDependency;
			target = 2E46E9C62A1203D100B8205C /* testTasks */;
			targetProxy = 2E46E9E72A1203D300B8205C /* PBXContainerItemProxy */;
		};
/* End PBXTargetDependency section */

/* Begin XCBuildConfiguration section */
		2E46E9EE2A1203D300B8205C /* Debug */ = {
			isa = XCBuildConfiguration;
			buildSettings = {
				ALWAYS_SEARCH_USER_PATHS = NO;
				CLANG_ANALYZER_NONNULL = YES;
				CLANG_ANALYZER_NUMBER_OBJECT_CONVERSION = YES_AGGRESSIVE;
				CLANG_CXX_LANGUAGE_STANDARD = "gnu++20";
				CLANG_ENABLE_MODULES = YES;
				CLANG_ENABLE_OBJC_ARC = YES;
				CLANG_ENABLE_OBJC_WEAK = YES;
				CLANG_WARN_BLOCK_CAPTURE_AUTORELEASING = YES;
				CLANG_WARN_BOOL_CONVERSION = YES;
				CLANG_WARN_COMMA = YES;
				CLANG_WARN_CONSTANT_CONVERSION = YES;
				CLANG_WARN_DEPRECATED_OBJC_IMPLEMENTATIONS = YES;
				CLANG_WARN_DIRECT_OBJC_ISA_USAGE = YES_ERROR;
				CLANG_WARN_DOCUMENTATION_COMMENTS = YES;
				CLANG_WARN_EMPTY_BODY = YES;
				CLANG_WARN_ENUM_CONVERSION = YES;
				CLANG_WARN_INFINITE_RECURSION = YES;
				CLANG_WARN_INT_CONVERSION = YES;
				CLANG_WARN_NON_LITERAL_NULL_CONVERSION = YES;
				CLANG_WARN_OBJC_IMPLICIT_RETAIN_SELF = YES;
				CLANG_WARN_OBJC_LITERAL_CONVERSION = YES;
				CLANG_WARN_OBJC_ROOT_CLASS = YES_ERROR;
				CLANG_WARN_QUOTED_INCLUDE_IN_FRAMEWORK_HEADER = YES;
				CLANG_WARN_RANGE_LOOP_ANALYSIS = YES;
				CLANG_WARN_STRICT_PROTOTYPES = YES;
				CLANG_WARN_SUSPICIOUS_MOVE = YES;
				CLANG_WARN_UNGUARDED_AVAILABILITY = YES_AGGRESSIVE;
				CLANG_WARN_UNREACHABLE_CODE = YES;
				CLANG_WARN__DUPLICATE_METHOD_MATCH = YES;
				COPY_PHASE_STRIP = NO;
				DEBUG_INFORMATION_FORMAT = dwarf;
				ENABLE_STRICT_OBJC_MSGSEND = YES;
				ENABLE_TESTABILITY = YES;
				GCC_C_LANGUAGE_STANDARD = gnu11;
				GCC_DYNAMIC_NO_PIC = NO;
				GCC_NO_COMMON_BLOCKS = YES;
				GCC_OPTIMIZATION_LEVEL = 0;
				GCC_PREPROCESSOR_DEFINITIONS = (
					"DEBUG=1",
					"$(inherited)",
				);
				GCC_WARN_64_TO_32_BIT_CONVERSION = YES;
				GCC_WARN_ABOUT_RETURN_TYPE = YES_ERROR;
				GCC_WARN_UNDECLARED_SELECTOR = YES;
				GCC_WARN_UNINITIALIZED_AUTOS = YES_AGGRESSIVE;
				GCC_WARN_UNUSED_FUNCTION = YES;
				GCC_WARN_UNUSED_VARIABLE = YES;
				IPHONEOS_DEPLOYMENT_TARGET = 16.2;
				MTL_ENABLE_DEBUG_INFO = INCLUDE_SOURCE;
				MTL_FAST_MATH = YES;
				ONLY_ACTIVE_ARCH = YES;
				SDKROOT = iphoneos;
				SWIFT_ACTIVE_COMPILATION_CONDITIONS = DEBUG;
				SWIFT_OPTIMIZATION_LEVEL = "-Onone";
			};
			name = Debug;
		};
		2E46E9EF2A1203D300B8205C /* Release */ = {
			isa = XCBuildConfiguration;
			buildSettings = {
				ALWAYS_SEARCH_USER_PATHS = NO;
				CLANG_ANALYZER_NONNULL = YES;
				CLANG_ANALYZER_NUMBER_OBJECT_CONVERSION = YES_AGGRESSIVE;
				CLANG_CXX_LANGUAGE_STANDARD = "gnu++20";
				CLANG_ENABLE_MODULES = YES;
				CLANG_ENABLE_OBJC_ARC = YES;
				CLANG_ENABLE_OBJC_WEAK = YES;
				CLANG_WARN_BLOCK_CAPTURE_AUTORELEASING = YES;
				CLANG_WARN_BOOL_CONVERSION = YES;
				CLANG_WARN_COMMA = YES;
				CLANG_WARN_CONSTANT_CONVERSION = YES;
				CLANG_WARN_DEPRECATED_OBJC_IMPLEMENTATIONS = YES;
				CLANG_WARN_DIRECT_OBJC_ISA_USAGE = YES_ERROR;
				CLANG_WARN_DOCUMENTATION_COMMENTS = YES;
				CLANG_WARN_EMPTY_BODY = YES;
				CLANG_WARN_ENUM_CONVERSION = YES;
				CLANG_WARN_INFINITE_RECURSION = YES;
				CLANG_WARN_INT_CONVERSION = YES;
				CLANG_WARN_NON_LITERAL_NULL_CONVERSION = YES;
				CLANG_WARN_OBJC_IMPLICIT_RETAIN_SELF = YES;
				CLANG_WARN_OBJC_LITERAL_CONVERSION = YES;
				CLANG_WARN_OBJC_ROOT_CLASS = YES_ERROR;
				CLANG_WARN_QUOTED_INCLUDE_IN_FRAMEWORK_HEADER = YES;
				CLANG_WARN_RANGE_LOOP_ANALYSIS = YES;
				CLANG_WARN_STRICT_PROTOTYPES = YES;
				CLANG_WARN_SUSPICIOUS_MOVE = YES;
				CLANG_WARN_UNGUARDED_AVAILABILITY = YES_AGGRESSIVE;
				CLANG_WARN_UNREACHABLE_CODE = YES;
				CLANG_WARN__DUPLICATE_METHOD_MATCH = YES;
				COPY_PHASE_STRIP = NO;
				DEBUG_INFORMATION_FORMAT = "dwarf-with-dsym";
				ENABLE_NS_ASSERTIONS = NO;
				ENABLE_STRICT_OBJC_MSGSEND = YES;
				GCC_C_LANGUAGE_STANDARD = gnu11;
				GCC_NO_COMMON_BLOCKS = YES;
				GCC_WARN_64_TO_32_BIT_CONVERSION = YES;
				GCC_WARN_ABOUT_RETURN_TYPE = YES_ERROR;
				GCC_WARN_UNDECLARED_SELECTOR = YES;
				GCC_WARN_UNINITIALIZED_AUTOS = YES_AGGRESSIVE;
				GCC_WARN_UNUSED_FUNCTION = YES;
				GCC_WARN_UNUSED_VARIABLE = YES;
				IPHONEOS_DEPLOYMENT_TARGET = 16.2;
				MTL_ENABLE_DEBUG_INFO = NO;
				MTL_FAST_MATH = YES;
				SDKROOT = iphoneos;
				SWIFT_COMPILATION_MODE = wholemodule;
				SWIFT_OPTIMIZATION_LEVEL = "-O";
				VALIDATE_PRODUCT = YES;
			};
			name = Release;
		};
		2E46E9F12A1203D300B8205C /* Debug */ = {
			isa = XCBuildConfiguration;
			buildSettings = {
				ASSETCATALOG_COMPILER_APPICON_NAME = AppIcon;
				ASSETCATALOG_COMPILER_GLOBAL_ACCENT_COLOR_NAME = AccentColor;
				CODE_SIGN_STYLE = Automatic;
				CURRENT_PROJECT_VERSION = 1;
				DEVELOPMENT_ASSET_PATHS = "\"testTasks/Preview Content\"";
				DEVELOPMENT_TEAM = S7YG24XGCM;
				ENABLE_PREVIEWS = YES;
				GENERATE_INFOPLIST_FILE = YES;
				INFOPLIST_KEY_UIApplicationSceneManifest_Generation = YES;
				INFOPLIST_KEY_UIApplicationSupportsIndirectInputEvents = YES;
				INFOPLIST_KEY_UILaunchScreen_Generation = YES;
				INFOPLIST_KEY_UISupportedInterfaceOrientations_iPad = "UIInterfaceOrientationPortrait UIInterfaceOrientationPortraitUpsideDown UIInterfaceOrientationLandscapeLeft UIInterfaceOrientationLandscapeRight";
				INFOPLIST_KEY_UISupportedInterfaceOrientations_iPhone = "UIInterfaceOrientationPortrait UIInterfaceOrientationLandscapeLeft UIInterfaceOrientationLandscapeRight";
				LD_RUNPATH_SEARCH_PATHS = (
					"$(inherited)",
					"@executable_path/Frameworks",
				);
				MARKETING_VERSION = 1.0;
				PRODUCT_BUNDLE_IDENTIFIER = com.mr.testTasks;
				PRODUCT_NAME = "$(TARGET_NAME)";
				SWIFT_EMIT_LOC_STRINGS = YES;
				SWIFT_VERSION = 5.0;
				TARGETED_DEVICE_FAMILY = "1,2";
			};
			name = Debug;
		};
		2E46E9F22A1203D300B8205C /* Release */ = {
			isa = XCBuildConfiguration;
			buildSettings = {
				ASSETCATALOG_COMPILER_APPICON_NAME = AppIcon;
				ASSETCATALOG_COMPILER_GLOBAL_ACCENT_COLOR_NAME = AccentColor;
				CODE_SIGN_STYLE = Automatic;
				CURRENT_PROJECT_VERSION = 1;
				DEVELOPMENT_ASSET_PATHS = "\"testTasks/Preview Content\"";
				DEVELOPMENT_TEAM = S7YG24XGCM;
				ENABLE_PREVIEWS = YES;
				GENERATE_INFOPLIST_FILE = YES;
				INFOPLIST_KEY_UIApplicationSceneManifest_Generation = YES;
				INFOPLIST_KEY_UIApplicationSupportsIndirectInputEvents = YES;
				INFOPLIST_KEY_UILaunchScreen_Generation = YES;
				INFOPLIST_KEY_UISupportedInterfaceOrientations_iPad = "UIInterfaceOrientationPortrait UIInterfaceOrientationPortraitUpsideDown UIInterfaceOrientationLandscapeLeft UIInterfaceOrientationLandscapeRight";
				INFOPLIST_KEY_UISupportedInterfaceOrientations_iPhone = "UIInterfaceOrientationPortrait UIInterfaceOrientationLandscapeLeft UIInterfaceOrientationLandscapeRight";
				LD_RUNPATH_SEARCH_PATHS = (
					"$(inherited)",
					"@executable_path/Frameworks",
				);
				MARKETING_VERSION = 1.0;
				PRODUCT_BUNDLE_IDENTIFIER = com.mr.testTasks;
				PRODUCT_NAME = "$(TARGET_NAME)";
				SWIFT_EMIT_LOC_STRINGS = YES;
				SWIFT_VERSION = 5.0;
				TARGETED_DEVICE_FAMILY = "1,2";
			};
			name = Release;
		};
		2E46E9F42A1203D300B8205C /* Debug */ = {
			isa = XCBuildConfiguration;
			buildSettings = {
				ALWAYS_EMBED_SWIFT_STANDARD_LIBRARIES = YES;
				BUNDLE_LOADER = "$(TEST_HOST)";
				CODE_SIGN_STYLE = Automatic;
				CURRENT_PROJECT_VERSION = 1;
				DEVELOPMENT_TEAM = S7YG24XGCM;
				GENERATE_INFOPLIST_FILE = YES;
				IPHONEOS_DEPLOYMENT_TARGET = 16.2;
				MARKETING_VERSION = 1.0;
				PRODUCT_BUNDLE_IDENTIFIER = com.mr.testTasksTests;
				PRODUCT_NAME = "$(TARGET_NAME)";
				SWIFT_EMIT_LOC_STRINGS = NO;
				SWIFT_VERSION = 5.0;
				TARGETED_DEVICE_FAMILY = "1,2";
				TEST_HOST = "$(BUILT_PRODUCTS_DIR)/testTasks.app/$(BUNDLE_EXECUTABLE_FOLDER_PATH)/testTasks";
			};
			name = Debug;
		};
		2E46E9F52A1203D300B8205C /* Release */ = {
			isa = XCBuildConfiguration;
			buildSettings = {
				ALWAYS_EMBED_SWIFT_STANDARD_LIBRARIES = YES;
				BUNDLE_LOADER = "$(TEST_HOST)";
				CODE_SIGN_STYLE = Automatic;
				CURRENT_PROJECT_VERSION = 1;
				DEVELOPMENT_TEAM = S7YG24XGCM;
				GENERATE_INFOPLIST_FILE = YES;
				IPHONEOS_DEPLOYMENT_TARGET = 16.2;
				MARKETING_VERSION = 1.0;
				PRODUCT_BUNDLE_IDENTIFIER = com.mr.testTasksTests;
				PRODUCT_NAME = "$(TARGET_NAME)";
				SWIFT_EMIT_LOC_STRINGS = NO;
				SWIFT_VERSION = 5.0;
				TARGETED_DEVICE_FAMILY = "1,2";
				TEST_HOST = "$(BUILT_PRODUCTS_DIR)/testTasks.app/$(BUNDLE_EXECUTABLE_FOLDER_PATH)/testTasks";
			};
			name = Release;
		};
		2E46E9F72A1203D300B8205C /* Debug */ = {
			isa = XCBuildConfiguration;
			buildSettings = {
				ALWAYS_EMBED_SWIFT_STANDARD_LIBRARIES = YES;
				CODE_SIGN_STYLE = Automatic;
				CURRENT_PROJECT_VERSION = 1;
				DEVELOPMENT_TEAM = S7YG24XGCM;
				GENERATE_INFOPLIST_FILE = YES;
				MARKETING_VERSION = 1.0;
				PRODUCT_BUNDLE_IDENTIFIER = com.mr.testTasksUITests;
				PRODUCT_NAME = "$(TARGET_NAME)";
				SWIFT_EMIT_LOC_STRINGS = NO;
				SWIFT_VERSION = 5.0;
				TARGETED_DEVICE_FAMILY = "1,2";
				TEST_TARGET_NAME = testTasks;
			};
			name = Debug;
		};
		2E46E9F82A1203D300B8205C /* Release */ = {
			isa = XCBuildConfiguration;
			buildSettings = {
				ALWAYS_EMBED_SWIFT_STANDARD_LIBRARIES = YES;
				CODE_SIGN_STYLE = Automatic;
				CURRENT_PROJECT_VERSION = 1;
				DEVELOPMENT_TEAM = S7YG24XGCM;
				GENERATE_INFOPLIST_FILE = YES;
				MARKETING_VERSION = 1.0;
				PRODUCT_BUNDLE_IDENTIFIER = com.mr.testTasksUITests;
				PRODUCT_NAME = "$(TARGET_NAME)";
				SWIFT_EMIT_LOC_STRINGS = NO;
				SWIFT_VERSION = 5.0;
				TARGETED_DEVICE_FAMILY = "1,2";
				TEST_TARGET_NAME = testTasks;
			};
			name = Release;
		};
/* End XCBuildConfiguration section */

/* Begin XCConfigurationList section */
		2E46E9C22A1203D100B8205C /* Build configuration list for PBXProject "testTasks" */ = {
			isa = XCConfigurationList;
			buildConfigurations = (
				2E46E9EE2A1203D300B8205C /* Debug */,
				2E46E9EF2A1203D300B8205C /* Release */,
			);
			defaultConfigurationIsVisible = 0;
			defaultConfigurationName = Release;
		};
		2E46E9F02A1203D300B8205C /* Build configuration list for PBXNativeTarget "testTasks" */ = {
			isa = XCConfigurationList;
			buildConfigurations = (
				2E46E9F12A1203D300B8205C /* Debug */,
				2E46E9F22A1203D300B8205C /* Release */,
			);
			defaultConfigurationIsVisible = 0;
			defaultConfigurationName = Release;
		};
		2E46E9F32A1203D300B8205C /* Build configuration list for PBXNativeTarget "testTasksTests" */ = {
			isa = XCConfigurationList;
			buildConfigurations = (
				2E46E9F42A1203D300B8205C /* Debug */,
				2E46E9F52A1203D300B8205C /* Release */,
			);
			defaultConfigurationIsVisible = 0;
			defaultConfigurationName = Release;
		};
		2E46E9F62A1203D300B8205C /* Build configuration list for PBXNativeTarget "testTasksUITests" */ = {
			isa = XCConfigurationList;
			buildConfigurations = (
				2E46E9F72A1203D300B8205C /* Debug */,
				2E46E9F82A1203D300B8205C /* Release */,
			);
			defaultConfigurationIsVisible = 0;
			defaultConfigurationName = Release;
		};
/* End XCConfigurationList section */

/* Begin XCVersionGroup section */
		2E46E9D52A1203D300B8205C /* testTasks.xcdatamodeld */ = {
			isa = XCVersionGroup;
			children = (
				2E46E9D62A1203D300B8205C /* testTasks.xcdatamodel */,
			);
			currentVersion = 2E46E9D62A1203D300B8205C /* testTasks.xcdatamodel */;
			path = testTasks.xcdatamodeld;
			sourceTree = "<group>";
			versionGroupType = wrapper.xcdatamodel;
		};
/* End XCVersionGroup section */
	};
	rootObject = 2E46E9BF2A1203D100B8205C /* Project object */;
}
